
Microsoft Visual Studio Solution File, Format Version 12.00
# Visual Studio Version 16
VisualStudioVersion = 16.0.30717.126
MinimumVisualStudioVersion = 10.0.40219.1
Project("{FAE04EC0-301F-11D3-BF4B-00C04F79EFBC}") = "OOP_EmreElagoz", "OOP_EmreElagoz\OOP_EmreElagoz.csproj", "{7F7D9F91-1F89-45C6-82B8-FD6ADCC31D4C}"
EndProject
Global
	GlobalSection(SolutionConfigurationPlatforms) = preSolution
		Debug|Any CPU = Debug|Any CPU
		Release|Any CPU = Release|Any CPU
	EndGlobalSection
	GlobalSection(ProjectConfigurationPlatforms) = postSolution
		{7F7D9F91-1F89-45C6-82B8-FD6ADCC31D4C}.Debug|Any CPU.ActiveCfg = Debug|Any CPU
		{7F7D9F91-1F89-45C6-82B8-FD6ADCC31D4C}.Debug|Any CPU.Build.0 = Debug|Any CPU
		{7F7D9F91-1F89-45C6-82B8-FD6ADCC31D4C}.Release|Any CPU.ActiveCfg = Release|Any CPU
		{7F7D9F91-1F89-45C6-82B8-FD6ADCC31D4C}.Release|Any CPU.Build.0 = Release|Any CPU
	EndGlobalSection
	GlobalSection(SolutionProperties) = preSolution
		HideSolutionNode = FALSE
	EndGlobalSection
	GlobalSection(ExtensibilityGlobals) = postSolution
		SolutionGuid = {1265B3D2-0450-4057-BE5A-DD88F6244DD8}
	EndGlobalSection
EndGlobal
